
Microsoft Visual Studio Solution File, Format Version 12.00
Project("{FAE04EC0-301F-11D3-BF4B-00C04F79EFBC}") = "lababaji-mono", "lababaji-mono\lababaji-mono.csproj", "{65BFC62A-6FC4-4BEA-A41E-3E0A87DCF8FB}"
EndProject
Global
	GlobalSection(SolutionConfigurationPlatforms) = preSolution
		Debug|Any CPU = Debug|Any CPU
		Release|Any CPU = Release|Any CPU
	EndGlobalSection
	GlobalSection(ProjectConfigurationPlatforms) = postSolution
		{65BFC62A-6FC4-4BEA-A41E-3E0A87DCF8FB}.Debug|Any CPU.ActiveCfg = Debug|Any CPU
		{65BFC62A-6FC4-4BEA-A41E-3E0A87DCF8FB}.Debug|Any CPU.Build.0 = Debug|Any CPU
		{65BFC62A-6FC4-4BEA-A41E-3E0A87DCF8FB}.Release|Any CPU.ActiveCfg = Release|Any CPU
		{65BFC62A-6FC4-4BEA-A41E-3E0A87DCF8FB}.Release|Any CPU.Build.0 = Release|Any CPU
	EndGlobalSection
EndGlobal
